
Microsoft Visual Studio Solution File, Format Version 12.00
# Visual Studio 15
VisualStudioVersion = 15.0.26730.12
MinimumVisualStudioVersion = 10.0.40219.1
Project("{8BC9CEB8-8B4A-11D0-8D11-00A0C91BC942}") = "DZ№6", "DZ№6\DZ№6.vcxproj", "{C7C35A63-2CC8-42B6-B16E-B6AA2CCB3901}"
EndProject
Global
	GlobalSection(SolutionConfigurationPlatforms) = preSolution
		Debug|x64 = Debug|x64
		Debug|x86 = Debug|x86
		Release|x64 = Release|x64
		Release|x86 = Release|x86
	EndGlobalSection
	GlobalSection(ProjectConfigurationPlatforms) = postSolution
		{C7C35A63-2CC8-42B6-B16E-B6AA2CCB3901}.Debug|x64.ActiveCfg = Debug|x64
		{C7C35A63-2CC8-42B6-B16E-B6AA2CCB3901}.Debug|x64.Build.0 = Debug|x64
		{C7C35A63-2CC8-42B6-B16E-B6AA2CCB3901}.Debug|x86.ActiveCfg = Debug|Win32
		{C7C35A63-2CC8-42B6-B16E-B6AA2CCB3901}.Debug|x86.Build.0 = Debug|Win32
		{C7C35A63-2CC8-42B6-B16E-B6AA2CCB3901}.Release|x64.ActiveCfg = Release|x64
		{C7C35A63-2CC8-42B6-B16E-B6AA2CCB3901}.Release|x64.Build.0 = Release|x64
		{C7C35A63-2CC8-42B6-B16E-B6AA2CCB3901}.Release|x86.ActiveCfg = Release|Win32
		{C7C35A63-2CC8-42B6-B16E-B6AA2CCB3901}.Release|x86.Build.0 = Release|Win32
	EndGlobalSection
	GlobalSection(SolutionProperties) = preSolution
		HideSolutionNode = FALSE
	EndGlobalSection
	GlobalSection(ExtensibilityGlobals) = postSolution
		SolutionGuid = {3CEF7E14-6F18-494A-8E0F-9A4BDF2C1FBC}
	EndGlobalSection
EndGlobal
